
Microsoft Visual Studio Solution File, Format Version 12.00
# Visual Studio Version 17
VisualStudioVersion = 17.0.31903.59
MinimumVisualStudioVersion = 10.0.40219.1
Project("{FAE04EC0-301F-11D3-BF4B-00C04F79EFBC}") = "API", "API\API.csproj", "{A6C750A1-01BA-4538-8439-A280E4B6D5B1}"
EndProject
Project("{FAE04EC0-301F-11D3-BF4B-00C04F79EFBC}") = "Core", "Core\Core.csproj", "{CEA891FB-DD50-4ED1-8E3C-ABB09F8C1CF2}"
EndProject
Project("{FAE04EC0-301F-11D3-BF4B-00C04F79EFBC}") = "Infrastructure", "Infrastructure\Infrastructure.csproj", "{0B42EEA9-7953-43A5-AC7E-B28255DD1395}"
EndProject
Global
	GlobalSection(SolutionConfigurationPlatforms) = preSolution
		Debug|Any CPU = Debug|Any CPU
		Release|Any CPU = Release|Any CPU
	EndGlobalSection
	GlobalSection(SolutionProperties) = preSolution
		HideSolutionNode = FALSE
	EndGlobalSection
	GlobalSection(ProjectConfigurationPlatforms) = postSolution
		{A6C750A1-01BA-4538-8439-A280E4B6D5B1}.Debug|Any CPU.ActiveCfg = Debug|Any CPU
		{A6C750A1-01BA-4538-8439-A280E4B6D5B1}.Debug|Any CPU.Build.0 = Debug|Any CPU
		{A6C750A1-01BA-4538-8439-A280E4B6D5B1}.Release|Any CPU.ActiveCfg = Release|Any CPU
		{A6C750A1-01BA-4538-8439-A280E4B6D5B1}.Release|Any CPU.Build.0 = Release|Any CPU
		{CEA891FB-DD50-4ED1-8E3C-ABB09F8C1CF2}.Debug|Any CPU.ActiveCfg = Debug|Any CPU
		{CEA891FB-DD50-4ED1-8E3C-ABB09F8C1CF2}.Debug|Any CPU.Build.0 = Debug|Any CPU
		{CEA891FB-DD50-4ED1-8E3C-ABB09F8C1CF2}.Release|Any CPU.ActiveCfg = Release|Any CPU
		{CEA891FB-DD50-4ED1-8E3C-ABB09F8C1CF2}.Release|Any CPU.Build.0 = Release|Any CPU
		{0B42EEA9-7953-43A5-AC7E-B28255DD1395}.Debug|Any CPU.ActiveCfg = Debug|Any CPU
		{0B42EEA9-7953-43A5-AC7E-B28255DD1395}.Debug|Any CPU.Build.0 = Debug|Any CPU
		{0B42EEA9-7953-43A5-AC7E-B28255DD1395}.Release|Any CPU.ActiveCfg = Release|Any CPU
		{0B42EEA9-7953-43A5-AC7E-B28255DD1395}.Release|Any CPU.Build.0 = Release|Any CPU
	EndGlobalSection
EndGlobal
